// !$*UTF8*$!
{
	archiveVersion = 1;
	classes = {
	};
	objectVersion = 50;
	objects = {

/* Begin PBXBuildFile section */
		2C41662B26D962A700E78AE3 /* Nunito-ExtraBold.ttf in Resources */ = {isa = PBXBuildFile; fileRef = 2C41662726D962A700E78AE3 /* Nunito-ExtraBold.ttf */; };
		2C41662C26D962A700E78AE3 /* Nunito-SemiBold.ttf in Resources */ = {isa = PBXBuildFile; fileRef = 2C41662826D962A700E78AE3 /* Nunito-SemiBold.ttf */; };
		2C41662D26D962A700E78AE3 /* Nunito-Bold.ttf in Resources */ = {isa = PBXBuildFile; fileRef = 2C41662926D962A700E78AE3 /* Nunito-Bold.ttf */; };
		2C41662E26D962A700E78AE3 /* OFL.txt in Resources */ = {isa = PBXBuildFile; fileRef = 2C41662A26D962A700E78AE3 /* OFL.txt */; };
		2C4A586826DA48480033E740 /* Constants.swift in Sources */ = {isa = PBXBuildFile; fileRef = 2C4A586726DA48480033E740 /* Constants.swift */; };
		2C4A586D26DAB1130033E740 /* Player.swift in Sources */ = {isa = PBXBuildFile; fileRef = 2C4A586C26DAB1130033E740 /* Player.swift */; };
		2C4A587026DAB5810033E740 /* AddPlayerViewController.swift in Sources */ = {isa = PBXBuildFile; fileRef = 2C4A586F26DAB5810033E740 /* AddPlayerViewController.swift */; };
		2C4A587426DACFD70033E740 /* GameProcessViewController.swift in Sources */ = {isa = PBXBuildFile; fileRef = 2C4A587326DACFD70033E740 /* GameProcessViewController.swift */; };
		2C4A587826DB11730033E740 /* ResultViewController.swift in Sources */ = {isa = PBXBuildFile; fileRef = 2C4A587726DB11730033E740 /* ResultViewController.swift */; };
		2CC6412D26DE227100703831 /* UIImageView.swift in Sources */ = {isa = PBXBuildFile; fileRef = 2CC6412C26DE227100703831 /* UIImageView.swift */; };
		2CC6413326DE230000703831 /* String.swift in Sources */ = {isa = PBXBuildFile; fileRef = 2CC6413226DE230000703831 /* String.swift */; };
		2CC6413726DE247500703831 /* AddPlayerProtocolDelegate.swift in Sources */ = {isa = PBXBuildFile; fileRef = 2CC6413626DE247500703831 /* AddPlayerProtocolDelegate.swift */; };
		2CC6413D26DEB28000703831 /* CountButton.swift in Sources */ = {isa = PBXBuildFile; fileRef = 2CC6413C26DEB28000703831 /* CountButton.swift */; };
		2CCCE51926D7D98900E3B8B7 /* AppDelegate.swift in Sources */ = {isa = PBXBuildFile; fileRef = 2CCCE51826D7D98900E3B8B7 /* AppDelegate.swift */; };
		2CCCE51D26D7D98900E3B8B7 /* NewGameViewController.swift in Sources */ = {isa = PBXBuildFile; fileRef = 2CCCE51C26D7D98900E3B8B7 /* NewGameViewController.swift */; };
		2CCCE52026D7D98900E3B8B7 /* Main.storyboard in Resources */ = {isa = PBXBuildFile; fileRef = 2CCCE51E26D7D98900E3B8B7 /* Main.storyboard */; };
		2CCCE52226D7D98C00E3B8B7 /* Assets.xcassets in Resources */ = {isa = PBXBuildFile; fileRef = 2CCCE52126D7D98C00E3B8B7 /* Assets.xcassets */; };
		2CCCE52526D7D98C00E3B8B7 /* LaunchScreen.storyboard in Resources */ = {isa = PBXBuildFile; fileRef = 2CCCE52326D7D98C00E3B8B7 /* LaunchScreen.storyboard */; };
/* End PBXBuildFile section */

/* Begin PBXFileReference section */
		2C41662726D962A700E78AE3 /* Nunito-ExtraBold.ttf */ = {isa = PBXFileReference; lastKnownFileType = file; path = "Nunito-ExtraBold.ttf"; sourceTree = "<group>"; };
		2C41662826D962A700E78AE3 /* Nunito-SemiBold.ttf */ = {isa = PBXFileReference; lastKnownFileType = file; path = "Nunito-SemiBold.ttf"; sourceTree = "<group>"; };
		2C41662926D962A700E78AE3 /* Nunito-Bold.ttf */ = {isa = PBXFileReference; lastKnownFileType = file; path = "Nunito-Bold.ttf"; sourceTree = "<group>"; };
		2C41662A26D962A700E78AE3 /* OFL.txt */ = {isa = PBXFileReference; fileEncoding = 4; lastKnownFileType = text; path = OFL.txt; sourceTree = "<group>"; };
		2C4A586726DA48480033E740 /* Constants.swift */ = {isa = PBXFileReference; lastKnownFileType = sourcecode.swift; path = Constants.swift; sourceTree = "<group>"; };
		2C4A586C26DAB1130033E740 /* Player.swift */ = {isa = PBXFileReference; lastKnownFileType = sourcecode.swift; path = Player.swift; sourceTree = "<group>"; };
		2C4A586F26DAB5810033E740 /* AddPlayerViewController.swift */ = {isa = PBXFileReference; lastKnownFileType = sourcecode.swift; path = AddPlayerViewController.swift; sourceTree = "<group>"; };
		2C4A587326DACFD70033E740 /* GameProcessViewController.swift */ = {isa = PBXFileReference; lastKnownFileType = sourcecode.swift; path = GameProcessViewController.swift; sourceTree = "<group>"; };
		2C4A587726DB11730033E740 /* ResultViewController.swift */ = {isa = PBXFileReference; lastKnownFileType = sourcecode.swift; path = ResultViewController.swift; sourceTree = "<group>"; };
		2CC6412C26DE227100703831 /* UIImageView.swift */ = {isa = PBXFileReference; lastKnownFileType = sourcecode.swift; path = UIImageView.swift; sourceTree = "<group>"; };
		2CC6413226DE230000703831 /* String.swift */ = {isa = PBXFileReference; lastKnownFileType = sourcecode.swift; path = String.swift; sourceTree = "<group>"; };
		2CC6413626DE247500703831 /* AddPlayerProtocolDelegate.swift */ = {isa = PBXFileReference; lastKnownFileType = sourcecode.swift; path = AddPlayerProtocolDelegate.swift; sourceTree = "<group>"; };
		2CC6413C26DEB28000703831 /* CountButton.swift */ = {isa = PBXFileReference; lastKnownFileType = sourcecode.swift; path = CountButton.swift; sourceTree = "<group>"; };
		2CCCE51526D7D98900E3B8B7 /* GameCounter.app */ = {isa = PBXFileReference; explicitFileType = wrapper.application; includeInIndex = 0; path = GameCounter.app; sourceTree = BUILT_PRODUCTS_DIR; };
		2CCCE51826D7D98900E3B8B7 /* AppDelegate.swift */ = {isa = PBXFileReference; lastKnownFileType = sourcecode.swift; path = AppDelegate.swift; sourceTree = "<group>"; };
		2CCCE51C26D7D98900E3B8B7 /* NewGameViewController.swift */ = {isa = PBXFileReference; lastKnownFileType = sourcecode.swift; path = NewGameViewController.swift; sourceTree = "<group>"; };
		2CCCE51F26D7D98900E3B8B7 /* Base */ = {isa = PBXFileReference; lastKnownFileType = file.storyboard; name = Base; path = Base.lproj/Main.storyboard; sourceTree = "<group>"; };
		2CCCE52126D7D98C00E3B8B7 /* Assets.xcassets */ = {isa = PBXFileReference; lastKnownFileType = folder.assetcatalog; path = Assets.xcassets; sourceTree = "<group>"; };
		2CCCE52426D7D98C00E3B8B7 /* Base */ = {isa = PBXFileReference; lastKnownFileType = file.storyboard; name = Base; path = Base.lproj/LaunchScreen.storyboard; sourceTree = "<group>"; };
		2CCCE52626D7D98C00E3B8B7 /* Info.plist */ = {isa = PBXFileReference; lastKnownFileType = text.plist.xml; path = Info.plist; sourceTree = "<group>"; };
/* End PBXFileReference section */

/* Begin PBXFrameworksBuildPhase section */
		2CCCE51226D7D98900E3B8B7 /* Frameworks */ = {
			isa = PBXFrameworksBuildPhase;
			buildActionMask = 2147483647;
			files = (
			);
			runOnlyForDeploymentPostprocessing = 0;
		};
/* End PBXFrameworksBuildPhase section */

/* Begin PBXGroup section */
		2C41662326D9623800E78AE3 /* Support Files */ = {
			isa = PBXGroup;
			children = (
				2C41662626D962A700E78AE3 /* Fonts */,
				2CCCE52126D7D98C00E3B8B7 /* Assets.xcassets */,
				2CCCE52326D7D98C00E3B8B7 /* LaunchScreen.storyboard */,
				2CCCE51E26D7D98900E3B8B7 /* Main.storyboard */,
				2CCCE51826D7D98900E3B8B7 /* AppDelegate.swift */,
			);
			path = "Support Files";
			sourceTree = "<group>";
		};
		2C41662426D9626200E78AE3 /* NewGameVC */ = {
			isa = PBXGroup;
			children = (
				2CCCE51C26D7D98900E3B8B7 /* NewGameViewController.swift */,
			);
			path = NewGameVC;
			sourceTree = "<group>";
		};
		2C41662626D962A700E78AE3 /* Fonts */ = {
			isa = PBXGroup;
			children = (
				2C41662726D962A700E78AE3 /* Nunito-ExtraBold.ttf */,
				2C41662826D962A700E78AE3 /* Nunito-SemiBold.ttf */,
				2C41662926D962A700E78AE3 /* Nunito-Bold.ttf */,
				2C41662A26D962A700E78AE3 /* OFL.txt */,
			);
			path = Fonts;
			sourceTree = "<group>";
		};
		2C41663026D967BE00E78AE3 /* AddPlayerVC */ = {
			isa = PBXGroup;
			children = (
				2C4A586F26DAB5810033E740 /* AddPlayerViewController.swift */,
			);
			path = AddPlayerVC;
			sourceTree = "<group>";
		};
		2C4A586626DA482E0033E740 /* Constants */ = {
			isa = PBXGroup;
			children = (
				2C4A586726DA48480033E740 /* Constants.swift */,
			);
			path = Constants;
			sourceTree = "<group>";
		};
		2C4A586B26DAB0F60033E740 /* Model */ = {
			isa = PBXGroup;
			children = (
				2C4A586C26DAB1130033E740 /* Player.swift */,
			);
			path = Model;
			sourceTree = "<group>";
		};
		2C4A587226DACFA90033E740 /* GameVC */ = {
			isa = PBXGroup;
			children = (
				2C4A587326DACFD70033E740 /* GameProcessViewController.swift */,
				2CC6413C26DEB28000703831 /* CountButton.swift */,
			);
			path = GameVC;
			sourceTree = "<group>";
		};
		2C4A587626DB11390033E740 /* ResultVC */ = {
			isa = PBXGroup;
			children = (
				2C4A587726DB11730033E740 /* ResultViewController.swift */,
			);
			path = ResultVC;
			sourceTree = "<group>";
		};
		2CC6412F26DE228900703831 /* Custom Extensions */ = {
			isa = PBXGroup;
			children = (
				2CC6412C26DE227100703831 /* UIImageView.swift */,
				2CC6413226DE230000703831 /* String.swift */,
			);
			path = "Custom Extensions";
			sourceTree = "<group>";
		};
		2CC6413526DE244900703831 /* Protocols */ = {
			isa = PBXGroup;
			children = (
				2CC6413626DE247500703831 /* AddPlayerProtocolDelegate.swift */,
			);
			path = Protocols;
			sourceTree = "<group>";
		};
		2CCCE50C26D7D98900E3B8B7 = {
			isa = PBXGroup;
			children = (
				2CCCE51726D7D98900E3B8B7 /* GameCounter */,
				2CCCE51626D7D98900E3B8B7 /* Products */,
			);
			sourceTree = "<group>";
		};
		2CCCE51626D7D98900E3B8B7 /* Products */ = {
			isa = PBXGroup;
			children = (
				2CCCE51526D7D98900E3B8B7 /* GameCounter.app */,
			);
			name = Products;
			sourceTree = "<group>";
		};
		2CCCE51726D7D98900E3B8B7 /* GameCounter */ = {
			isa = PBXGroup;
			children = (
				2CC6413526DE244900703831 /* Protocols */,
				2C4A586B26DAB0F60033E740 /* Model */,
				2C41662426D9626200E78AE3 /* NewGameVC */,
				2C41663026D967BE00E78AE3 /* AddPlayerVC */,
				2C4A587626DB11390033E740 /* ResultVC */,
				2C4A587226DACFA90033E740 /* GameVC */,
				2C4A586626DA482E0033E740 /* Constants */,
				2CC6412F26DE228900703831 /* Custom Extensions */,
				2C41662326D9623800E78AE3 /* Support Files */,
				2CCCE52626D7D98C00E3B8B7 /* Info.plist */,
			);
			path = GameCounter;
			sourceTree = "<group>";
		};
/* End PBXGroup section */

/* Begin PBXNativeTarget section */
		2CCCE51426D7D98900E3B8B7 /* GameCounter */ = {
			isa = PBXNativeTarget;
			buildConfigurationList = 2CCCE52926D7D98C00E3B8B7 /* Build configuration list for PBXNativeTarget "GameCounter" */;
			buildPhases = (
				2CCCE51126D7D98900E3B8B7 /* Sources */,
				2CCCE51226D7D98900E3B8B7 /* Frameworks */,
				2CCCE51326D7D98900E3B8B7 /* Resources */,
			);
			buildRules = (
			);
			dependencies = (
			);
			name = GameCounter;
			productName = GameCounter;
			productReference = 2CCCE51526D7D98900E3B8B7 /* GameCounter.app */;
			productType = "com.apple.product-type.application";
		};
/* End PBXNativeTarget section */

/* Begin PBXProject section */
		2CCCE50D26D7D98900E3B8B7 /* Project object */ = {
			isa = PBXProject;
			attributes = {
				LastSwiftUpdateCheck = 1240;
				LastUpgradeCheck = 1240;
				TargetAttributes = {
					2CCCE51426D7D98900E3B8B7 = {
						CreatedOnToolsVersion = 12.4;
					};
				};
			};
			buildConfigurationList = 2CCCE51026D7D98900E3B8B7 /* Build configuration list for PBXProject "GameCounter" */;
			compatibilityVersion = "Xcode 9.3";
			developmentRegion = en;
			hasScannedForEncodings = 0;
			knownRegions = (
				en,
				Base,
			);
			mainGroup = 2CCCE50C26D7D98900E3B8B7;
			productRefGroup = 2CCCE51626D7D98900E3B8B7 /* Products */;
			projectDirPath = "";
			projectRoot = "";
			targets = (
				2CCCE51426D7D98900E3B8B7 /* GameCounter */,
			);
		};
/* End PBXProject section */

/* Begin PBXResourcesBuildPhase section */
		2CCCE51326D7D98900E3B8B7 /* Resources */ = {
			isa = PBXResourcesBuildPhase;
			buildActionMask = 2147483647;
			files = (
				2C41662E26D962A700E78AE3 /* OFL.txt in Resources */,
				2CCCE52526D7D98C00E3B8B7 /* LaunchScreen.storyboard in Resources */,
				2CCCE52226D7D98C00E3B8B7 /* Assets.xcassets in Resources */,
				2CCCE52026D7D98900E3B8B7 /* Main.storyboard in Resources */,
				2C41662B26D962A700E78AE3 /* Nunito-ExtraBold.ttf in Resources */,
				2C41662D26D962A700E78AE3 /* Nunito-Bold.ttf in Resources */,
				2C41662C26D962A700E78AE3 /* Nunito-SemiBold.ttf in Resources */,
			);
			runOnlyForDeploymentPostprocessing = 0;
		};
/* End PBXResourcesBuildPhase section */

/* Begin PBXSourcesBuildPhase section */
		2CCCE51126D7D98900E3B8B7 /* Sources */ = {
			isa = PBXSourcesBuildPhase;
			buildActionMask = 2147483647;
			files = (
				2C4A586D26DAB1130033E740 /* Player.swift in Sources */,
				2C4A587026DAB5810033E740 /* AddPlayerViewController.swift in Sources */,
				2C4A587826DB11730033E740 /* ResultViewController.swift in Sources */,
				2CC6413D26DEB28000703831 /* CountButton.swift in Sources */,
				2CC6413326DE230000703831 /* String.swift in Sources */,
				2CCCE51D26D7D98900E3B8B7 /* NewGameViewController.swift in Sources */,
				2CCCE51926D7D98900E3B8B7 /* AppDelegate.swift in Sources */,
				2CC6412D26DE227100703831 /* UIImageView.swift in Sources */,
				2CC6413726DE247500703831 /* AddPlayerProtocolDelegate.swift in Sources */,
				2C4A587426DACFD70033E740 /* GameProcessViewController.swift in Sources */,
				2C4A586826DA48480033E740 /* Constants.swift in Sources */,
			);
			runOnlyForDeploymentPostprocessing = 0;
		};
/* End PBXSourcesBuildPhase section */

/* Begin PBXVariantGroup section */
		2CCCE51E26D7D98900E3B8B7 /* Main.storyboard */ = {
			isa = PBXVariantGroup;
			children = (
				2CCCE51F26D7D98900E3B8B7 /* Base */,
			);
			name = Main.storyboard;
			sourceTree = "<group>";
		};
		2CCCE52326D7D98C00E3B8B7 /* LaunchScreen.storyboard */ = {
			isa = PBXVariantGroup;
			children = (
				2CCCE52426D7D98C00E3B8B7 /* Base */,
			);
			name = LaunchScreen.storyboard;
			sourceTree = "<group>";
		};
/* End PBXVariantGroup section */

/* Begin XCBuildConfiguration section */
		2CCCE52726D7D98C00E3B8B7 /* Debug */ = {
			isa = XCBuildConfiguration;
			buildSettings = {
				ALWAYS_SEARCH_USER_PATHS = NO;
				CLANG_ANALYZER_NONNULL = YES;
				CLANG_ANALYZER_NUMBER_OBJECT_CONVERSION = YES_AGGRESSIVE;
				CLANG_CXX_LANGUAGE_STANDARD = "gnu++14";
				CLANG_CXX_LIBRARY = "libc++";
				CLANG_ENABLE_MODULES = YES;
				CLANG_ENABLE_OBJC_ARC = YES;
				CLANG_ENABLE_OBJC_WEAK = YES;
				CLANG_WARN_BLOCK_CAPTURE_AUTORELEASING = YES;
				CLANG_WARN_BOOL_CONVERSION = YES;
				CLANG_WARN_COMMA = YES;
				CLANG_WARN_CONSTANT_CONVERSION = YES;
				CLANG_WARN_DEPRECATED_OBJC_IMPLEMENTATIONS = YES;
				CLANG_WARN_DIRECT_OBJC_ISA_USAGE = YES_ERROR;
				CLANG_WARN_DOCUMENTATION_COMMENTS = YES;
				CLANG_WARN_EMPTY_BODY = YES;
				CLANG_WARN_ENUM_CONVERSION = YES;
				CLANG_WARN_INFINITE_RECURSION = YES;
				CLANG_WARN_INT_CONVERSION = YES;
				CLANG_WARN_NON_LITERAL_NULL_CONVERSION = YES;
				CLANG_WARN_OBJC_IMPLICIT_RETAIN_SELF = YES;
				CLANG_WARN_OBJC_LITERAL_CONVERSION = YES;
				CLANG_WARN_OBJC_ROOT_CLASS = YES_ERROR;
				CLANG_WARN_QUOTED_INCLUDE_IN_FRAMEWORK_HEADER = YES;
				CLANG_WARN_RANGE_LOOP_ANALYSIS = YES;
				CLANG_WARN_STRICT_PROTOTYPES = YES;
				CLANG_WARN_SUSPICIOUS_MOVE = YES;
				CLANG_WARN_UNGUARDED_AVAILABILITY = YES_AGGRESSIVE;
				CLANG_WARN_UNREACHABLE_CODE = YES;
				CLANG_WARN__DUPLICATE_METHOD_MATCH = YES;
				COPY_PHASE_STRIP = NO;
				DEBUG_INFORMATION_FORMAT = dwarf;
				ENABLE_STRICT_OBJC_MSGSEND = YES;
				ENABLE_TESTABILITY = YES;
				GCC_C_LANGUAGE_STANDARD = gnu11;
				GCC_DYNAMIC_NO_PIC = NO;
				GCC_NO_COMMON_BLOCKS = YES;
				GCC_OPTIMIZATION_LEVEL = 0;
				GCC_PREPROCESSOR_DEFINITIONS = (
					"DEBUG=1",
					"$(inherited)",
				);
				GCC_WARN_64_TO_32_BIT_CONVERSION = YES;
				GCC_WARN_ABOUT_RETURN_TYPE = YES_ERROR;
				GCC_WARN_UNDECLARED_SELECTOR = YES;
				GCC_WARN_UNINITIALIZED_AUTOS = YES_AGGRESSIVE;
				GCC_WARN_UNUSED_FUNCTION = YES;
				GCC_WARN_UNUSED_VARIABLE = YES;
				IPHONEOS_DEPLOYMENT_TARGET = 12.1;
				MTL_ENABLE_DEBUG_INFO = INCLUDE_SOURCE;
				MTL_FAST_MATH = YES;
				ONLY_ACTIVE_ARCH = YES;
				SDKROOT = iphoneos;
				SWIFT_ACTIVE_COMPILATION_CONDITIONS = DEBUG;
				SWIFT_OPTIMIZATION_LEVEL = "-Onone";
			};
			name = Debug;
		};
		2CCCE52826D7D98C00E3B8B7 /* Release */ = {
			isa = XCBuildConfiguration;
			buildSettings = {
				ALWAYS_SEARCH_USER_PATHS = NO;
				CLANG_ANALYZER_NONNULL = YES;
				CLANG_ANALYZER_NUMBER_OBJECT_CONVERSION = YES_AGGRESSIVE;
				CLANG_CXX_LANGUAGE_STANDARD = "gnu++14";
				CLANG_CXX_LIBRARY = "libc++";
				CLANG_ENABLE_MODULES = YES;
				CLANG_ENABLE_OBJC_ARC = YES;
				CLANG_ENABLE_OBJC_WEAK = YES;
				CLANG_WARN_BLOCK_CAPTURE_AUTORELEASING = YES;
				CLANG_WARN_BOOL_CONVERSION = YES;
				CLANG_WARN_COMMA = YES;
				CLANG_WARN_CONSTANT_CONVERSION = YES;
				CLANG_WARN_DEPRECATED_OBJC_IMPLEMENTATIONS = YES;
				CLANG_WARN_DIRECT_OBJC_ISA_USAGE = YES_ERROR;
				CLANG_WARN_DOCUMENTATION_COMMENTS = YES;
				CLANG_WARN_EMPTY_BODY = YES;
				CLANG_WARN_ENUM_CONVERSION = YES;
				CLANG_WARN_INFINITE_RECURSION = YES;
				CLANG_WARN_INT_CONVERSION = YES;
				CLANG_WARN_NON_LITERAL_NULL_CONVERSION = YES;
				CLANG_WARN_OBJC_IMPLICIT_RETAIN_SELF = YES;
				CLANG_WARN_OBJC_LITERAL_CONVERSION = YES;
				CLANG_WARN_OBJC_ROOT_CLASS = YES_ERROR;
				CLANG_WARN_QUOTED_INCLUDE_IN_FRAMEWORK_HEADER = YES;
				CLANG_WARN_RANGE_LOOP_ANALYSIS = YES;
				CLANG_WARN_STRICT_PROTOTYPES = YES;
				CLANG_WARN_SUSPICIOUS_MOVE = YES;
				CLANG_WARN_UNGUARDED_AVAILABILITY = YES_AGGRESSIVE;
				CLANG_WARN_UNREACHABLE_CODE = YES;
				CLANG_WARN__DUPLICATE_METHOD_MATCH = YES;
				COPY_PHASE_STRIP = NO;
				DEBUG_INFORMATION_FORMAT = "dwarf-with-dsym";
				ENABLE_NS_ASSERTIONS = NO;
				ENABLE_STRICT_OBJC_MSGSEND = YES;
				GCC_C_LANGUAGE_STANDARD = gnu11;
				GCC_NO_COMMON_BLOCKS = YES;
				GCC_WARN_64_TO_32_BIT_CONVERSION = YES;
				GCC_WARN_ABOUT_RETURN_TYPE = YES_ERROR;
				GCC_WARN_UNDECLARED_SELECTOR = YES;
				GCC_WARN_UNINITIALIZED_AUTOS = YES_AGGRESSIVE;
				GCC_WARN_UNUSED_FUNCTION = YES;
				GCC_WARN_UNUSED_VARIABLE = YES;
				IPHONEOS_DEPLOYMENT_TARGET = 12.1;
				MTL_ENABLE_DEBUG_INFO = NO;
				MTL_FAST_MATH = YES;
				SDKROOT = iphoneos;
				SWIFT_COMPILATION_MODE = wholemodule;
				SWIFT_OPTIMIZATION_LEVEL = "-O";
				VALIDATE_PRODUCT = YES;
			};
			name = Release;
		};
		2CCCE52A26D7D98C00E3B8B7 /* Debug */ = {
			isa = XCBuildConfiguration;
			buildSettings = {
				ASSETCATALOG_COMPILER_APPICON_NAME = AppIcon;
				ASSETCATALOG_COMPILER_GLOBAL_ACCENT_COLOR_NAME = AccentColor;
				CODE_SIGN_STYLE = Automatic;
				DEVELOPMENT_TEAM = M9V2HJR8B4;
				INFOPLIST_FILE = GameCounter/Info.plist;
				IPHONEOS_DEPLOYMENT_TARGET = 12.1;
				LD_RUNPATH_SEARCH_PATHS = (
					"$(inherited)",
					"@executable_path/Frameworks",
				);
				PRODUCT_BUNDLE_IDENTIFIER = Ivan.GameCounter;
				PRODUCT_NAME = "$(TARGET_NAME)";
				SWIFT_VERSION = 5.0;
				TARGETED_DEVICE_FAMILY = "1,2";
			};
			name = Debug;
		};
		2CCCE52B26D7D98C00E3B8B7 /* Release */ = {
			isa = XCBuildConfiguration;
			buildSettings = {
				ASSETCATALOG_COMPILER_APPICON_NAME = AppIcon;
				ASSETCATALOG_COMPILER_GLOBAL_ACCENT_COLOR_NAME = AccentColor;
				CODE_SIGN_STYLE = Automatic;
				DEVELOPMENT_TEAM = M9V2HJR8B4;
				INFOPLIST_FILE = GameCounter/Info.plist;
				IPHONEOS_DEPLOYMENT_TARGET = 12.1;
				LD_RUNPATH_SEARCH_PATHS = (
					"$(inherited)",
					"@executable_path/Frameworks",
				);
				PRODUCT_BUNDLE_IDENTIFIER = Ivan.GameCounter;
				PRODUCT_NAME = "$(TARGET_NAME)";
				SWIFT_VERSION = 5.0;
				TARGETED_DEVICE_FAMILY = "1,2";
			};
			name = Release;
		};
/* End XCBuildConfiguration section */

/* Begin XCConfigurationList section */
		2CCCE51026D7D98900E3B8B7 /* Build configuration list for PBXProject "GameCounter" */ = {
			isa = XCConfigurationList;
			buildConfigurations = (
				2CCCE52726D7D98C00E3B8B7 /* Debug */,
				2CCCE52826D7D98C00E3B8B7 /* Release */,
			);
			defaultConfigurationIsVisible = 0;
			defaultConfigurationName = Release;
		};
		2CCCE52926D7D98C00E3B8B7 /* Build configuration list for PBXNativeTarget "GameCounter" */ = {
			isa = XCConfigurationList;
			buildConfigurations = (
				2CCCE52A26D7D98C00E3B8B7 /* Debug */,
				2CCCE52B26D7D98C00E3B8B7 /* Release */,
			);
			defaultConfigurationIsVisible = 0;
			defaultConfigurationName = Release;
		};
/* End XCConfigurationList section */
	};
	rootObject = 2CCCE50D26D7D98900E3B8B7 /* Project object */;
}
